
Microsoft Visual Studio Solution File, Format Version 12.00
# Visual Studio Version 17
VisualStudioVersion = 17.9.34714.143
MinimumVisualStudioVersion = 10.0.40219.1
Project("{FAE04EC0-301F-11D3-BF4B-00C04F79EFBC}") = "UserTicketService1", "UserTicketService1.csproj", "{C7C2722A-3D43-4A3E-B799-90949E541D27}"
EndProject
Project("{FAE04EC0-301F-11D3-BF4B-00C04F79EFBC}") = "TestProject1.Tests", "..\TestProject1.Tests\TestProject1.Tests.csproj", "{1836599F-CDB7-44A6-A740-52717BEED223}"
EndProject
Global
	GlobalSection(SolutionConfigurationPlatforms) = preSolution
		Debug|Any CPU = Debug|Any CPU
		Release|Any CPU = Release|Any CPU
	EndGlobalSection
	GlobalSection(ProjectConfigurationPlatforms) = postSolution
		{C7C2722A-3D43-4A3E-B799-90949E541D27}.Debug|Any CPU.ActiveCfg = Debug|Any CPU
		{C7C2722A-3D43-4A3E-B799-90949E541D27}.Debug|Any CPU.Build.0 = Debug|Any CPU
		{C7C2722A-3D43-4A3E-B799-90949E541D27}.Release|Any CPU.ActiveCfg = Release|Any CPU
		{C7C2722A-3D43-4A3E-B799-90949E541D27}.Release|Any CPU.Build.0 = Release|Any CPU
		{1836599F-CDB7-44A6-A740-52717BEED223}.Debug|Any CPU.ActiveCfg = Debug|Any CPU
		{1836599F-CDB7-44A6-A740-52717BEED223}.Debug|Any CPU.Build.0 = Debug|Any CPU
		{1836599F-CDB7-44A6-A740-52717BEED223}.Release|Any CPU.ActiveCfg = Release|Any CPU
		{1836599F-CDB7-44A6-A740-52717BEED223}.Release|Any CPU.Build.0 = Release|Any CPU
	EndGlobalSection
	GlobalSection(SolutionProperties) = preSolution
		HideSolutionNode = FALSE
	EndGlobalSection
	GlobalSection(ExtensibilityGlobals) = postSolution
		SolutionGuid = {27EAE5E3-B0A1-47AC-B05F-2E9F9ABABCE9}
	EndGlobalSection
EndGlobal
